// !$*UTF8*$!
{
	archiveVersion = 1;
	classes = {
	};
	objectVersion = 56;
	objects = {

/* Begin PBXBuildFile section */
		AA3A0AB72964F82E0078BBF3 /* Theme.swift in Sources */ = {isa = PBXBuildFile; fileRef = AA3A0AB62964F82E0078BBF3 /* Theme.swift */; };
		AA3A0AB92964FAB10078BBF3 /* DailyScrum.swift in Sources */ = {isa = PBXBuildFile; fileRef = AA3A0AB82964FAB10078BBF3 /* DailyScrum.swift */; };
		AA3A0ABC2964FC9D0078BBF3 /* CardView.swift in Sources */ = {isa = PBXBuildFile; fileRef = AA3A0ABB2964FC9D0078BBF3 /* CardView.swift */; };
		AA3A0ABF2964FF3C0078BBF3 /* TrailingIconLabelStyle.swift in Sources */ = {isa = PBXBuildFile; fileRef = AA3A0ABE2964FF3C0078BBF3 /* TrailingIconLabelStyle.swift */; };
		AA69164D2964F26E000D2CD6 /* ScrumdingerApp.swift in Sources */ = {isa = PBXBuildFile; fileRef = AA69164C2964F26E000D2CD6 /* ScrumdingerApp.swift */; };
		AA69164F2964F26E000D2CD6 /* MeetingView.swift in Sources */ = {isa = PBXBuildFile; fileRef = AA69164E2964F26E000D2CD6 /* MeetingView.swift */; };
		AA6916512964F26F000D2CD6 /* Assets.xcassets in Resources */ = {isa = PBXBuildFile; fileRef = AA6916502964F26F000D2CD6 /* Assets.xcassets */; };
		AA6916542964F26F000D2CD6 /* Preview Assets.xcassets in Resources */ = {isa = PBXBuildFile; fileRef = AA6916532964F26F000D2CD6 /* Preview Assets.xcassets */; };
		AAD98F182965B6E400954C6F /* ScrumsView.swift in Sources */ = {isa = PBXBuildFile; fileRef = AAD98F172965B6E400954C6F /* ScrumsView.swift */; };
		AAD98F1A2965D5AC00954C6F /* DetailView.swift in Sources */ = {isa = PBXBuildFile; fileRef = AAD98F192965D5AC00954C6F /* DetailView.swift */; };
		AAD98F1C2965E74200954C6F /* DetailEditView.swift in Sources */ = {isa = PBXBuildFile; fileRef = AAD98F1B2965E74200954C6F /* DetailEditView.swift */; };
		AAD98F1E29671BFA00954C6F /* ThemeView.swift in Sources */ = {isa = PBXBuildFile; fileRef = AAD98F1D29671BFA00954C6F /* ThemeView.swift */; };
		AAD98F2029671D7600954C6F /* ThemePicker.swift in Sources */ = {isa = PBXBuildFile; fileRef = AAD98F1F29671D7600954C6F /* ThemePicker.swift */; };
		AAD98F232967539900954C6F /* MeetingHeaderView.swift in Sources */ = {isa = PBXBuildFile; fileRef = AAD98F222967539900954C6F /* MeetingHeaderView.swift */; };
		AAD98F252967576300954C6F /* ScrumProgressViewStyle.swift in Sources */ = {isa = PBXBuildFile; fileRef = AAD98F242967576300954C6F /* ScrumProgressViewStyle.swift */; };
/* End PBXBuildFile section */

/* Begin PBXFileReference section */
		AA3A0AB62964F82E0078BBF3 /* Theme.swift */ = {isa = PBXFileReference; lastKnownFileType = sourcecode.swift; path = Theme.swift; sourceTree = "<group>"; };
		AA3A0AB82964FAB10078BBF3 /* DailyScrum.swift */ = {isa = PBXFileReference; lastKnownFileType = sourcecode.swift; path = DailyScrum.swift; sourceTree = "<group>"; };
		AA3A0ABB2964FC9D0078BBF3 /* CardView.swift */ = {isa = PBXFileReference; lastKnownFileType = sourcecode.swift; path = CardView.swift; sourceTree = "<group>"; };
		AA3A0ABE2964FF3C0078BBF3 /* TrailingIconLabelStyle.swift */ = {isa = PBXFileReference; lastKnownFileType = sourcecode.swift; path = TrailingIconLabelStyle.swift; sourceTree = "<group>"; };
		AA6916492964F26E000D2CD6 /* Scrumdinger.app */ = {isa = PBXFileReference; explicitFileType = wrapper.application; includeInIndex = 0; path = Scrumdinger.app; sourceTree = BUILT_PRODUCTS_DIR; };
		AA69164C2964F26E000D2CD6 /* ScrumdingerApp.swift */ = {isa = PBXFileReference; lastKnownFileType = sourcecode.swift; path = ScrumdingerApp.swift; sourceTree = "<group>"; };
		AA69164E2964F26E000D2CD6 /* MeetingView.swift */ = {isa = PBXFileReference; lastKnownFileType = sourcecode.swift; path = MeetingView.swift; sourceTree = "<group>"; };
		AA6916502964F26F000D2CD6 /* Assets.xcassets */ = {isa = PBXFileReference; lastKnownFileType = folder.assetcatalog; path = Assets.xcassets; sourceTree = "<group>"; };
		AA6916532964F26F000D2CD6 /* Preview Assets.xcassets */ = {isa = PBXFileReference; lastKnownFileType = folder.assetcatalog; path = "Preview Assets.xcassets"; sourceTree = "<group>"; };
		AAD98F172965B6E400954C6F /* ScrumsView.swift */ = {isa = PBXFileReference; lastKnownFileType = sourcecode.swift; path = ScrumsView.swift; sourceTree = "<group>"; };
		AAD98F192965D5AC00954C6F /* DetailView.swift */ = {isa = PBXFileReference; lastKnownFileType = sourcecode.swift; path = DetailView.swift; sourceTree = "<group>"; };
		AAD98F1B2965E74200954C6F /* DetailEditView.swift */ = {isa = PBXFileReference; lastKnownFileType = sourcecode.swift; path = DetailEditView.swift; sourceTree = "<group>"; };
		AAD98F1D29671BFA00954C6F /* ThemeView.swift */ = {isa = PBXFileReference; lastKnownFileType = sourcecode.swift; path = ThemeView.swift; sourceTree = "<group>"; };
		AAD98F1F29671D7600954C6F /* ThemePicker.swift */ = {isa = PBXFileReference; lastKnownFileType = sourcecode.swift; path = ThemePicker.swift; sourceTree = "<group>"; };
		AAD98F222967539900954C6F /* MeetingHeaderView.swift */ = {isa = PBXFileReference; lastKnownFileType = sourcecode.swift; path = MeetingHeaderView.swift; sourceTree = "<group>"; };
		AAD98F242967576300954C6F /* ScrumProgressViewStyle.swift */ = {isa = PBXFileReference; lastKnownFileType = sourcecode.swift; path = ScrumProgressViewStyle.swift; sourceTree = "<group>"; };
/* End PBXFileReference section */

/* Begin PBXFrameworksBuildPhase section */
		AA6916462964F26E000D2CD6 /* Frameworks */ = {
			isa = PBXFrameworksBuildPhase;
			buildActionMask = 2147483647;
			files = (
			);
			runOnlyForDeploymentPostprocessing = 0;
		};
/* End PBXFrameworksBuildPhase section */

/* Begin PBXGroup section */
		AA3A0AB52964F81F0078BBF3 /* Models */ = {
			isa = PBXGroup;
			children = (
				AA3A0AB82964FAB10078BBF3 /* DailyScrum.swift */,
			);
			path = Models;
			sourceTree = "<group>";
		};
		AA3A0ABA2964FC920078BBF3 /* Views */ = {
			isa = PBXGroup;
			children = (
				AAD98F172965B6E400954C6F /* ScrumsView.swift */,
				AAD98F192965D5AC00954C6F /* DetailView.swift */,
				AAD98F1B2965E74200954C6F /* DetailEditView.swift */,
				AA69164E2964F26E000D2CD6 /* MeetingView.swift */,
				AAD98F1F29671D7600954C6F /* ThemePicker.swift */,
				AAD98F2129671D8500954C6F /* Components */,
			);
			path = Views;
			sourceTree = "<group>";
		};
		AA3A0ABD2964FF220078BBF3 /* Utilities */ = {
			isa = PBXGroup;
			children = (
				AA3A0AB62964F82E0078BBF3 /* Theme.swift */,
				AA3A0ABE2964FF3C0078BBF3 /* TrailingIconLabelStyle.swift */,
				AAD98F242967576300954C6F /* ScrumProgressViewStyle.swift */,
			);
			path = Utilities;
			sourceTree = "<group>";
		};
		AA6916402964F26E000D2CD6 = {
			isa = PBXGroup;
			children = (
				AA69164B2964F26E000D2CD6 /* Scrumdinger */,
				AA69164A2964F26E000D2CD6 /* Products */,
			);
			sourceTree = "<group>";
		};
		AA69164A2964F26E000D2CD6 /* Products */ = {
			isa = PBXGroup;
			children = (
				AA6916492964F26E000D2CD6 /* Scrumdinger.app */,
			);
			name = Products;
			sourceTree = "<group>";
		};
		AA69164B2964F26E000D2CD6 /* Scrumdinger */ = {
			isa = PBXGroup;
			children = (
				AA69164C2964F26E000D2CD6 /* ScrumdingerApp.swift */,
				AA3A0AB52964F81F0078BBF3 /* Models */,
				AA3A0ABA2964FC920078BBF3 /* Views */,
				AA3A0ABD2964FF220078BBF3 /* Utilities */,
				AA6916502964F26F000D2CD6 /* Assets.xcassets */,
				AA6916522964F26F000D2CD6 /* Preview Content */,
			);
			path = Scrumdinger;
			sourceTree = "<group>";
		};
		AA6916522964F26F000D2CD6 /* Preview Content */ = {
			isa = PBXGroup;
			children = (
				AA6916532964F26F000D2CD6 /* Preview Assets.xcassets */,
			);
			path = "Preview Content";
			sourceTree = "<group>";
		};
		AAD98F2129671D8500954C6F /* Components */ = {
			isa = PBXGroup;
			children = (
				AA3A0ABB2964FC9D0078BBF3 /* CardView.swift */,
				AAD98F1D29671BFA00954C6F /* ThemeView.swift */,
				AAD98F222967539900954C6F /* MeetingHeaderView.swift */,
			);
			path = Components;
			sourceTree = "<group>";
		};
/* End PBXGroup section */

/* Begin PBXNativeTarget section */
		AA6916482964F26E000D2CD6 /* Scrumdinger */ = {
			isa = PBXNativeTarget;
			buildConfigurationList = AA6916572964F26F000D2CD6 /* Build configuration list for PBXNativeTarget "Scrumdinger" */;
			buildPhases = (
				AA6916452964F26E000D2CD6 /* Sources */,
				AA6916462964F26E000D2CD6 /* Frameworks */,
				AA6916472964F26E000D2CD6 /* Resources */,
			);
			buildRules = (
			);
			dependencies = (
			);
			name = Scrumdinger;
			productName = Scrumdinger;
			productReference = AA6916492964F26E000D2CD6 /* Scrumdinger.app */;
			productType = "com.apple.product-type.application";
		};
/* End PBXNativeTarget section */

/* Begin PBXProject section */
		AA6916412964F26E000D2CD6 /* Project object */ = {
			isa = PBXProject;
			attributes = {
				BuildIndependentTargetsInParallel = 1;
				LastSwiftUpdateCheck = 1420;
				LastUpgradeCheck = 1420;
				TargetAttributes = {
					AA6916482964F26E000D2CD6 = {
						CreatedOnToolsVersion = 14.2;
					};
				};
			};
			buildConfigurationList = AA6916442964F26E000D2CD6 /* Build configuration list for PBXProject "Scrumdinger" */;
			compatibilityVersion = "Xcode 14.0";
			developmentRegion = en;
			hasScannedForEncodings = 0;
			knownRegions = (
				en,
				Base,
			);
			mainGroup = AA6916402964F26E000D2CD6;
			productRefGroup = AA69164A2964F26E000D2CD6 /* Products */;
			projectDirPath = "";
			projectRoot = "";
			targets = (
				AA6916482964F26E000D2CD6 /* Scrumdinger */,
			);
		};
/* End PBXProject section */

/* Begin PBXResourcesBuildPhase section */
		AA6916472964F26E000D2CD6 /* Resources */ = {
			isa = PBXResourcesBuildPhase;
			buildActionMask = 2147483647;
			files = (
				AA6916542964F26F000D2CD6 /* Preview Assets.xcassets in Resources */,
				AA6916512964F26F000D2CD6 /* Assets.xcassets in Resources */,
			);
			runOnlyForDeploymentPostprocessing = 0;
		};
/* End PBXResourcesBuildPhase section */

/* Begin PBXSourcesBuildPhase section */
		AA6916452964F26E000D2CD6 /* Sources */ = {
			isa = PBXSourcesBuildPhase;
			buildActionMask = 2147483647;
			files = (
				AAD98F2029671D7600954C6F /* ThemePicker.swift in Sources */,
				AAD98F252967576300954C6F /* ScrumProgressViewStyle.swift in Sources */,
				AA3A0AB92964FAB10078BBF3 /* DailyScrum.swift in Sources */,
				AAD98F1A2965D5AC00954C6F /* DetailView.swift in Sources */,
				AAD98F232967539900954C6F /* MeetingHeaderView.swift in Sources */,
				AAD98F1C2965E74200954C6F /* DetailEditView.swift in Sources */,
				AA3A0ABF2964FF3C0078BBF3 /* TrailingIconLabelStyle.swift in Sources */,
				AA3A0AB72964F82E0078BBF3 /* Theme.swift in Sources */,
				AAD98F182965B6E400954C6F /* ScrumsView.swift in Sources */,
				AA69164F2964F26E000D2CD6 /* MeetingView.swift in Sources */,
				AA69164D2964F26E000D2CD6 /* ScrumdingerApp.swift in Sources */,
				AAD98F1E29671BFA00954C6F /* ThemeView.swift in Sources */,
				AA3A0ABC2964FC9D0078BBF3 /* CardView.swift in Sources */,
			);
			runOnlyForDeploymentPostprocessing = 0;
		};
/* End PBXSourcesBuildPhase section */

/* Begin XCBuildConfiguration section */
		AA6916552964F26F000D2CD6 /* Debug */ = {
			isa = XCBuildConfiguration;
			buildSettings = {
				ALWAYS_SEARCH_USER_PATHS = NO;
				CLANG_ANALYZER_NONNULL = YES;
				CLANG_ANALYZER_NUMBER_OBJECT_CONVERSION = YES_AGGRESSIVE;
				CLANG_CXX_LANGUAGE_STANDARD = "gnu++20";
				CLANG_ENABLE_MODULES = YES;
				CLANG_ENABLE_OBJC_ARC = YES;
				CLANG_ENABLE_OBJC_WEAK = YES;
				CLANG_WARN_BLOCK_CAPTURE_AUTORELEASING = YES;
				CLANG_WARN_BOOL_CONVERSION = YES;
				CLANG_WARN_COMMA = YES;
				CLANG_WARN_CONSTANT_CONVERSION = YES;
				CLANG_WARN_DEPRECATED_OBJC_IMPLEMENTATIONS = YES;
				CLANG_WARN_DIRECT_OBJC_ISA_USAGE = YES_ERROR;
				CLANG_WARN_DOCUMENTATION_COMMENTS = YES;
				CLANG_WARN_EMPTY_BODY = YES;
				CLANG_WARN_ENUM_CONVERSION = YES;
				CLANG_WARN_INFINITE_RECURSION = YES;
				CLANG_WARN_INT_CONVERSION = YES;
				CLANG_WARN_NON_LITERAL_NULL_CONVERSION = YES;
				CLANG_WARN_OBJC_IMPLICIT_RETAIN_SELF = YES;
				CLANG_WARN_OBJC_LITERAL_CONVERSION = YES;
				CLANG_WARN_OBJC_ROOT_CLASS = YES_ERROR;
				CLANG_WARN_QUOTED_INCLUDE_IN_FRAMEWORK_HEADER = YES;
				CLANG_WARN_RANGE_LOOP_ANALYSIS = YES;
				CLANG_WARN_STRICT_PROTOTYPES = YES;
				CLANG_WARN_SUSPICIOUS_MOVE = YES;
				CLANG_WARN_UNGUARDED_AVAILABILITY = YES_AGGRESSIVE;
				CLANG_WARN_UNREACHABLE_CODE = YES;
				CLANG_WARN__DUPLICATE_METHOD_MATCH = YES;
				COPY_PHASE_STRIP = NO;
				DEBUG_INFORMATION_FORMAT = dwarf;
				ENABLE_STRICT_OBJC_MSGSEND = YES;
				ENABLE_TESTABILITY = YES;
				GCC_C_LANGUAGE_STANDARD = gnu11;
				GCC_DYNAMIC_NO_PIC = NO;
				GCC_NO_COMMON_BLOCKS = YES;
				GCC_OPTIMIZATION_LEVEL = 0;
				GCC_PREPROCESSOR_DEFINITIONS = (
					"DEBUG=1",
					"$(inherited)",
				);
				GCC_WARN_64_TO_32_BIT_CONVERSION = YES;
				GCC_WARN_ABOUT_RETURN_TYPE = YES_ERROR;
				GCC_WARN_UNDECLARED_SELECTOR = YES;
				GCC_WARN_UNINITIALIZED_AUTOS = YES_AGGRESSIVE;
				GCC_WARN_UNUSED_FUNCTION = YES;
				GCC_WARN_UNUSED_VARIABLE = YES;
				IPHONEOS_DEPLOYMENT_TARGET = 16.2;
				MTL_ENABLE_DEBUG_INFO = INCLUDE_SOURCE;
				MTL_FAST_MATH = YES;
				ONLY_ACTIVE_ARCH = YES;
				SDKROOT = iphoneos;
				SWIFT_ACTIVE_COMPILATION_CONDITIONS = DEBUG;
				SWIFT_OPTIMIZATION_LEVEL = "-Onone";
			};
			name = Debug;
		};
		AA6916562964F26F000D2CD6 /* Release */ = {
			isa = XCBuildConfiguration;
			buildSettings = {
				ALWAYS_SEARCH_USER_PATHS = NO;
				CLANG_ANALYZER_NONNULL = YES;
				CLANG_ANALYZER_NUMBER_OBJECT_CONVERSION = YES_AGGRESSIVE;
				CLANG_CXX_LANGUAGE_STANDARD = "gnu++20";
				CLANG_ENABLE_MODULES = YES;
				CLANG_ENABLE_OBJC_ARC = YES;
				CLANG_ENABLE_OBJC_WEAK = YES;
				CLANG_WARN_BLOCK_CAPTURE_AUTORELEASING = YES;
				CLANG_WARN_BOOL_CONVERSION = YES;
				CLANG_WARN_COMMA = YES;
				CLANG_WARN_CONSTANT_CONVERSION = YES;
				CLANG_WARN_DEPRECATED_OBJC_IMPLEMENTATIONS = YES;
				CLANG_WARN_DIRECT_OBJC_ISA_USAGE = YES_ERROR;
				CLANG_WARN_DOCUMENTATION_COMMENTS = YES;
				CLANG_WARN_EMPTY_BODY = YES;
				CLANG_WARN_ENUM_CONVERSION = YES;
				CLANG_WARN_INFINITE_RECURSION = YES;
				CLANG_WARN_INT_CONVERSION = YES;
				CLANG_WARN_NON_LITERAL_NULL_CONVERSION = YES;
				CLANG_WARN_OBJC_IMPLICIT_RETAIN_SELF = YES;
				CLANG_WARN_OBJC_LITERAL_CONVERSION = YES;
				CLANG_WARN_OBJC_ROOT_CLASS = YES_ERROR;
				CLANG_WARN_QUOTED_INCLUDE_IN_FRAMEWORK_HEADER = YES;
				CLANG_WARN_RANGE_LOOP_ANALYSIS = YES;
				CLANG_WARN_STRICT_PROTOTYPES = YES;
				CLANG_WARN_SUSPICIOUS_MOVE = YES;
				CLANG_WARN_UNGUARDED_AVAILABILITY = YES_AGGRESSIVE;
				CLANG_WARN_UNREACHABLE_CODE = YES;
				CLANG_WARN__DUPLICATE_METHOD_MATCH = YES;
				COPY_PHASE_STRIP = NO;
				DEBUG_INFORMATION_FORMAT = "dwarf-with-dsym";
				ENABLE_NS_ASSERTIONS = NO;
				ENABLE_STRICT_OBJC_MSGSEND = YES;
				GCC_C_LANGUAGE_STANDARD = gnu11;
				GCC_NO_COMMON_BLOCKS = YES;
				GCC_WARN_64_TO_32_BIT_CONVERSION = YES;
				GCC_WARN_ABOUT_RETURN_TYPE = YES_ERROR;
				GCC_WARN_UNDECLARED_SELECTOR = YES;
				GCC_WARN_UNINITIALIZED_AUTOS = YES_AGGRESSIVE;
				GCC_WARN_UNUSED_FUNCTION = YES;
				GCC_WARN_UNUSED_VARIABLE = YES;
				IPHONEOS_DEPLOYMENT_TARGET = 16.2;
				MTL_ENABLE_DEBUG_INFO = NO;
				MTL_FAST_MATH = YES;
				SDKROOT = iphoneos;
				SWIFT_COMPILATION_MODE = wholemodule;
				SWIFT_OPTIMIZATION_LEVEL = "-O";
				VALIDATE_PRODUCT = YES;
			};
			name = Release;
		};
		AA6916582964F26F000D2CD6 /* Debug */ = {
			isa = XCBuildConfiguration;
			buildSettings = {
				ASSETCATALOG_COMPILER_APPICON_NAME = AppIcon;
				ASSETCATALOG_COMPILER_GLOBAL_ACCENT_COLOR_NAME = AccentColor;
				CODE_SIGN_STYLE = Automatic;
				CURRENT_PROJECT_VERSION = 1;
				DEVELOPMENT_ASSET_PATHS = "\"Scrumdinger/Preview Content\"";
				ENABLE_PREVIEWS = YES;
				GENERATE_INFOPLIST_FILE = YES;
				INFOPLIST_KEY_UIApplicationSceneManifest_Generation = YES;
				INFOPLIST_KEY_UIApplicationSupportsIndirectInputEvents = YES;
				INFOPLIST_KEY_UILaunchScreen_Generation = YES;
				INFOPLIST_KEY_UISupportedInterfaceOrientations_iPad = "UIInterfaceOrientationPortrait UIInterfaceOrientationPortraitUpsideDown UIInterfaceOrientationLandscapeLeft UIInterfaceOrientationLandscapeRight";
				INFOPLIST_KEY_UISupportedInterfaceOrientations_iPhone = "UIInterfaceOrientationPortrait UIInterfaceOrientationLandscapeLeft UIInterfaceOrientationLandscapeRight";
				LD_RUNPATH_SEARCH_PATHS = (
					"$(inherited)",
					"@executable_path/Frameworks",
				);
				MARKETING_VERSION = 1.0;
				PRODUCT_BUNDLE_IDENTIFIER = ChristianLavelle.Scrumdinger;
				PRODUCT_NAME = "$(TARGET_NAME)";
				SWIFT_EMIT_LOC_STRINGS = YES;
				SWIFT_VERSION = 5.0;
				TARGETED_DEVICE_FAMILY = "1,2";
			};
			name = Debug;
		};
		AA6916592964F26F000D2CD6 /* Release */ = {
			isa = XCBuildConfiguration;
			buildSettings = {
				ASSETCATALOG_COMPILER_APPICON_NAME = AppIcon;
				ASSETCATALOG_COMPILER_GLOBAL_ACCENT_COLOR_NAME = AccentColor;
				CODE_SIGN_STYLE = Automatic;
				CURRENT_PROJECT_VERSION = 1;
				DEVELOPMENT_ASSET_PATHS = "\"Scrumdinger/Preview Content\"";
				ENABLE_PREVIEWS = YES;
				GENERATE_INFOPLIST_FILE = YES;
				INFOPLIST_KEY_UIApplicationSceneManifest_Generation = YES;
				INFOPLIST_KEY_UIApplicationSupportsIndirectInputEvents = YES;
				INFOPLIST_KEY_UILaunchScreen_Generation = YES;
				INFOPLIST_KEY_UISupportedInterfaceOrientations_iPad = "UIInterfaceOrientationPortrait UIInterfaceOrientationPortraitUpsideDown UIInterfaceOrientationLandscapeLeft UIInterfaceOrientationLandscapeRight";
				INFOPLIST_KEY_UISupportedInterfaceOrientations_iPhone = "UIInterfaceOrientationPortrait UIInterfaceOrientationLandscapeLeft UIInterfaceOrientationLandscapeRight";
				LD_RUNPATH_SEARCH_PATHS = (
					"$(inherited)",
					"@executable_path/Frameworks",
				);
				MARKETING_VERSION = 1.0;
				PRODUCT_BUNDLE_IDENTIFIER = ChristianLavelle.Scrumdinger;
				PRODUCT_NAME = "$(TARGET_NAME)";
				SWIFT_EMIT_LOC_STRINGS = YES;
				SWIFT_VERSION = 5.0;
				TARGETED_DEVICE_FAMILY = "1,2";
			};
			name = Release;
		};
/* End XCBuildConfiguration section */

/* Begin XCConfigurationList section */
		AA6916442964F26E000D2CD6 /* Build configuration list for PBXProject "Scrumdinger" */ = {
			isa = XCConfigurationList;
			buildConfigurations = (
				AA6916552964F26F000D2CD6 /* Debug */,
				AA6916562964F26F000D2CD6 /* Release */,
			);
			defaultConfigurationIsVisible = 0;
			defaultConfigurationName = Release;
		};
		AA6916572964F26F000D2CD6 /* Build configuration list for PBXNativeTarget "Scrumdinger" */ = {
			isa = XCConfigurationList;
			buildConfigurations = (
				AA6916582964F26F000D2CD6 /* Debug */,
				AA6916592964F26F000D2CD6 /* Release */,
			);
			defaultConfigurationIsVisible = 0;
			defaultConfigurationName = Release;
		};
/* End XCConfigurationList section */
	};
	rootObject = AA6916412964F26E000D2CD6 /* Project object */;
}
